
Microsoft Visual Studio Solution File, Format Version 12.00
# Visual Studio Version 17
VisualStudioVersion = 17.9.34607.119
MinimumVisualStudioVersion = 10.0.40219.1
Project("{FAE04EC0-301F-11D3-BF4B-00C04F79EFBC}") = "Serie 2", "Serie 2\Serie 2.csproj", "{1440E678-85A0-4AC0-9C3E-41BB5C1A9259}"
EndProject
Global
	GlobalSection(SolutionConfigurationPlatforms) = preSolution
		Debug|Any CPU = Debug|Any CPU
		Release|Any CPU = Release|Any CPU
	EndGlobalSection
	GlobalSection(ProjectConfigurationPlatforms) = postSolution
		{1440E678-85A0-4AC0-9C3E-41BB5C1A9259}.Debug|Any CPU.ActiveCfg = Debug|Any CPU
		{1440E678-85A0-4AC0-9C3E-41BB5C1A9259}.Debug|Any CPU.Build.0 = Debug|Any CPU
		{1440E678-85A0-4AC0-9C3E-41BB5C1A9259}.Release|Any CPU.ActiveCfg = Release|Any CPU
		{1440E678-85A0-4AC0-9C3E-41BB5C1A9259}.Release|Any CPU.Build.0 = Release|Any CPU
	EndGlobalSection
	GlobalSection(SolutionProperties) = preSolution
		HideSolutionNode = FALSE
	EndGlobalSection
	GlobalSection(ExtensibilityGlobals) = postSolution
		SolutionGuid = {F6D01378-7510-47A5-A0DE-627B7D175184}
	EndGlobalSection
EndGlobal
